
Microsoft Visual Studio Solution File, Format Version 12.00
# Visual Studio 14
VisualStudioVersion = 14.0.25420.1
MinimumVisualStudioVersion = 10.0.40219.1
Project("{FAE04EC0-301F-11D3-BF4B-00C04F79EFBC}") = "HelloWorld", "HelloWorld\HelloWorld.csproj", "{101974C6-00C6-4979-97A3-C4613F267524}"
EndProject
Project("{FAE04EC0-301F-11D3-BF4B-00C04F79EFBC}") = "HelloWorld.Tests", "HelloWorld.Tests\HelloWorld.Tests.csproj", "{F38C1CE2-F714-4B5C-B243-BEE0288A1C73}"
EndProject
Project("{FAE04EC0-301F-11D3-BF4B-00C04F79EFBC}") = "HelloWorldAPI", "HelloWorldAPI\HelloWorldAPI.csproj", "{AA15F21B-75DA-412F-A709-B83208781F33}"
EndProject
Project("{FAE04EC0-301F-11D3-BF4B-00C04F79EFBC}") = "HelloWorldCnsl", "HelloWorldCnsl\HelloWorldCnsl.csproj", "{3EEF556F-5910-4B70-91B1-00C2CD8BFA72}"
EndProject
Project("{FAE04EC0-301F-11D3-BF4B-00C04F79EFBC}") = "Common", "Common\Common.csproj", "{EBCF053A-E784-4130-A268-10D24025F184}"
EndProject
Global
	GlobalSection(SolutionConfigurationPlatforms) = preSolution
		Debug|Any CPU = Debug|Any CPU
		Release|Any CPU = Release|Any CPU
	EndGlobalSection
	GlobalSection(ProjectConfigurationPlatforms) = postSolution
		{101974C6-00C6-4979-97A3-C4613F267524}.Debug|Any CPU.ActiveCfg = Debug|Any CPU
		{101974C6-00C6-4979-97A3-C4613F267524}.Debug|Any CPU.Build.0 = Debug|Any CPU
		{101974C6-00C6-4979-97A3-C4613F267524}.Release|Any CPU.ActiveCfg = Release|Any CPU
		{101974C6-00C6-4979-97A3-C4613F267524}.Release|Any CPU.Build.0 = Release|Any CPU
		{F38C1CE2-F714-4B5C-B243-BEE0288A1C73}.Debug|Any CPU.ActiveCfg = Debug|Any CPU
		{F38C1CE2-F714-4B5C-B243-BEE0288A1C73}.Debug|Any CPU.Build.0 = Debug|Any CPU
		{F38C1CE2-F714-4B5C-B243-BEE0288A1C73}.Release|Any CPU.ActiveCfg = Release|Any CPU
		{F38C1CE2-F714-4B5C-B243-BEE0288A1C73}.Release|Any CPU.Build.0 = Release|Any CPU
		{AA15F21B-75DA-412F-A709-B83208781F33}.Debug|Any CPU.ActiveCfg = Debug|Any CPU
		{AA15F21B-75DA-412F-A709-B83208781F33}.Debug|Any CPU.Build.0 = Debug|Any CPU
		{AA15F21B-75DA-412F-A709-B83208781F33}.Release|Any CPU.ActiveCfg = Release|Any CPU
		{AA15F21B-75DA-412F-A709-B83208781F33}.Release|Any CPU.Build.0 = Release|Any CPU
		{3EEF556F-5910-4B70-91B1-00C2CD8BFA72}.Debug|Any CPU.ActiveCfg = Debug|Any CPU
		{3EEF556F-5910-4B70-91B1-00C2CD8BFA72}.Debug|Any CPU.Build.0 = Debug|Any CPU
		{3EEF556F-5910-4B70-91B1-00C2CD8BFA72}.Release|Any CPU.ActiveCfg = Release|Any CPU
		{3EEF556F-5910-4B70-91B1-00C2CD8BFA72}.Release|Any CPU.Build.0 = Release|Any CPU
		{EBCF053A-E784-4130-A268-10D24025F184}.Debug|Any CPU.ActiveCfg = Debug|Any CPU
		{EBCF053A-E784-4130-A268-10D24025F184}.Debug|Any CPU.Build.0 = Debug|Any CPU
		{EBCF053A-E784-4130-A268-10D24025F184}.Release|Any CPU.ActiveCfg = Release|Any CPU
		{EBCF053A-E784-4130-A268-10D24025F184}.Release|Any CPU.Build.0 = Release|Any CPU
	EndGlobalSection
	GlobalSection(SolutionProperties) = preSolution
		HideSolutionNode = FALSE
	EndGlobalSection
EndGlobal
